
Microsoft Visual Studio Solution File, Format Version 12.00
# Visual Studio Version 17
VisualStudioVersion = 17.6.33829.357
MinimumVisualStudioVersion = 10.0.40219.1
Project("{13B669BE-BB05-4DDF-9536-439F39A36129}") = "PHP_Hotel", "PHP_Hotel.phpproj", "{BCE5BBE4-31D0-4A22-800C-0711B8630D1C}"
EndProject
Global
	GlobalSection(SolutionConfigurationPlatforms) = preSolution
		Debug|Any CPU = Debug|Any CPU
		Release|Any CPU = Release|Any CPU
	EndGlobalSection
	GlobalSection(ProjectConfigurationPlatforms) = postSolution
		{BCE5BBE4-31D0-4A22-800C-0711B8630D1C}.Debug|Any CPU.ActiveCfg = Debug|Any CPU
		{BCE5BBE4-31D0-4A22-800C-0711B8630D1C}.Debug|Any CPU.Build.0 = Debug|Any CPU
		{BCE5BBE4-31D0-4A22-800C-0711B8630D1C}.Release|Any CPU.ActiveCfg = Release|Any CPU
		{BCE5BBE4-31D0-4A22-800C-0711B8630D1C}.Release|Any CPU.Build.0 = Release|Any CPU
	EndGlobalSection
	GlobalSection(SolutionProperties) = preSolution
		HideSolutionNode = FALSE
	EndGlobalSection
	GlobalSection(ExtensibilityGlobals) = postSolution
		SolutionGuid = {5E5E3EEF-75FF-4769-8624-86D18223D611}
	EndGlobalSection
EndGlobal
